PODS:
  - Alamofire (5.2.2)
  - Differentiator (4.0.1)
  - Kingfisher (5.14.1):
    - Kingfisher/Core (= 5.14.1)
  - Kingfisher/Core (5.14.1)
  - Nimble (8.1.1)
  - RxCocoa (5.1.1):
    - RxRelay (~> 5)
    - RxSwift (~> 5)
  - RxDataSources (4.0.1):
    - Differentiator (~> 4.0)
    - RxCocoa (~> 5.0)
    - RxSwift (~> 5.0)
  - RxFlow (2.11.0):
    - RxCocoa (>= 5.1.1)
    - RxSwift (>= 5.1.1)
  - RxOptional (4.1.0):
    - RxCocoa (~> 5)
    - RxSwift (~> 5)
  - RxRelay (5.1.1):
    - RxSwift (~> 5)
  - RxSwift (5.1.1)
  - RxViewController (1.0.0):
    - RxCocoa (~> 5.0)
    - RxSwift (~> 5.0)
  - SwiftLint (0.39.2)

DEPENDENCIES:
  - Alamofire
  - Kingfisher
  - Nimble
  - RxCocoa
  - RxDataSources
  - RxFlow
  - RxOptional
  - RxSwift
  - RxViewController
  - SwiftLint

SPEC REPOS:
  https://github.com/CocoaPods/Specs.git:
    - Differentiator
    - Kingfisher
    - Nimble
    - RxCocoa
    - RxDataSources
    - RxOptional
    - RxRelay
    - RxSwift
    - RxViewController
    - SwiftLint
  trunk:
    - Alamofire
    - RxFlow

SPEC CHECKSUMS:
  Alamofire: 814429acc853c6c54ff123fc3d2ef66803823ce0
  Differentiator: 886080237d9f87f322641dedbc5be257061b0602
  Kingfisher: 8050bc6f7f68cbf3908bd04df7ccbac188f6d6d6
  Nimble: 5f8a2fb6fa343a7242dfdd9d42f7267419d464b2
  RxCocoa: 32065309a38d29b5b0db858819b5bf9ef038b601
  RxDataSources: efee07fa4de48477eca0a4611e6d11e2da9c1114
  RxFlow: c5242626a73a03d0a0163f0ab795538c467b791f
  RxOptional: b1fcd60856807a564c0215c2184b8d33e7826dc2
  RxRelay: d77f7d771495f43c556cbc43eebd1bb54d01e8e9
  RxSwift: 81470a2074fa8780320ea5fe4102807cb7118178
  RxViewController: 7330a46e5c31cd680db169da4c9fc8676e975a81
  SwiftLint: 22ccbbe3b8008684be5955693bab135e0ed6a447

PODFILE CHECKSUM: b5a3afb67fa8f7624623b4bcecd78fb191a8315c

COCOAPODS: 1.10.1
