PODS:
  - Alamofire (5.4.1)
  - Differentiator (5.0.0)
  - Kingfisher (6.1.0)
  - Nimble (9.0.0)
  - RxCocoa (6.0.0):
    - RxRelay (= 6.0.0)
    - RxSwift (= 6.0.0)
  - RxDataSources (5.0.0):
    - Differentiator (~> 5.0)
    - RxCocoa (~> 6.0)
    - RxSwift (~> 6.0)
  - RxFlow (2.12.0):
    - RxCocoa (>= 6.0.0)
    - RxSwift (>= 6.0.0)
  - RxOptional (5.0.1):
    - RxCocoa (~> 6.0)
    - RxSwift (~> 6.0)
  - RxRelay (6.0.0):
    - RxSwift (= 6.0.0)
  - RxSwift (6.0.0)
  - RxTest (6.0.0):
    - RxSwift (= 6.0.0)
  - RxViewController (2.0.0):
    - RxCocoa (~> 6.0)
    - RxSwift (~> 6.0)
  - SwiftLint (0.42.0)

DEPENDENCIES:
  - Alamofire
  - Kingfisher
  - Nimble
  - RxCocoa
  - RxDataSources
  - RxFlow
  - RxOptional
  - RxSwift
  - RxTest
  - RxViewController
  - SwiftLint

SPEC REPOS:
  trunk:
    - Alamofire
    - Differentiator
    - Kingfisher
    - Nimble
    - RxCocoa
    - RxDataSources
    - RxFlow
    - RxOptional
    - RxRelay
    - RxSwift
    - RxTest
    - RxViewController
    - SwiftLint

SPEC CHECKSUMS:
  Alamofire: 2291f7d21ca607c491dd17642e5d40fdcda0e65c
  Differentiator: e8497ceab83c1b10ca233716d547b9af21b9344d
  Kingfisher: f5d8d60a0ef3edd642fd781bae60918599901aff
  Nimble: 3b4ec3fd40f1dc178058e0981107721c615643d8
  RxCocoa: 3f79328fafa3645b34600f37c31e64c73ae3a80e
  RxDataSources: aa47cc1ed6c500fa0dfecac5c979b723542d79cf
  RxFlow: b407eb6b5d956041a9e0930469346e104911a470
  RxOptional: e0b39f0863c25c4bfeea83cb35102a5244d048b3
  RxRelay: 8d593be109c06ea850df027351beba614b012ffb
  RxSwift: c14e798c59b9f6e9a2df8fd235602e85cc044295
  RxTest: ddef4052e63cb116f5b73510488c3113c37c62e5
  RxViewController: 56486fa0afd629a1d6b5ba077f3b8cd9dc31b5d2
  SwiftLint: 4fa9579c63416865179bc416f0a92d55f009600d

PODFILE CHECKSUM: 265364d6ce000256b369e485d0de69d993f45263

COCOAPODS: 1.10.1
