PODS:
  - Alamofire (5.1.0)
  - Differentiator (4.0.1)
  - Kingfisher (5.13.4):
    - Kingfisher/Core (= 5.13.4)
  - Kingfisher/Core (5.13.4)
  - Nimble (8.0.7)
  - Quick (2.2.0)
  - RxAlamofire (5.2.0):
    - RxAlamofire/Core (= 5.2.0)
  - RxAlamofire/Core (5.2.0):
    - Alamofire (~> 5.1)
    - RxSwift (~> 5.1)
  - RxCocoa (5.1.1):
    - RxRelay (~> 5)
    - RxSwift (~> 5)
  - RxDataSources (4.0.1):
    - Differentiator (~> 4.0)
    - RxCocoa (~> 5.0)
    - RxSwift (~> 5.0)
  - RxOptional (4.1.0):
    - RxCocoa (~> 5)
    - RxSwift (~> 5)
  - RxRelay (5.1.1):
    - RxSwift (~> 5)
  - RxSwift (5.1.1)
  - RxViewController (1.0.0):
    - RxCocoa (~> 5.0)
    - RxSwift (~> 5.0)
  - SwiftLint (0.39.2)

DEPENDENCIES:
  - Kingfisher (~> 5.0)
  - Nimble
  - Quick
  - RxAlamofire
  - RxCocoa (~> 5)
  - RxDataSources
  - RxOptional
  - RxSwift (~> 5)
  - RxViewController
  - SwiftLint

SPEC REPOS:
  https://github.com/cocoapods/specs.git:
    - Alamofire
    - Differentiator
    - Kingfisher
    - Nimble
    - Quick
    - RxAlamofire
    - RxCocoa
    - RxDataSources
    - RxOptional
    - RxRelay
    - RxSwift
    - RxViewController
    - SwiftLint

SPEC CHECKSUMS:
  Alamofire: 9d5c5f602928e512395b30950c5984eca840093c
  Differentiator: 886080237d9f87f322641dedbc5be257061b0602
  Kingfisher: d2279a7abece3c7f25a80cd2b7f363ca5cf3f44c
  Nimble: a73af6ecd4c9106f434f3d55fc54570be3739e0b
  Quick: 7fb19e13be07b5dfb3b90d4f9824c855a11af40e
  RxAlamofire: 878eb06baefd76df6062889be11592434e6c4a95
  RxCocoa: 32065309a38d29b5b0db858819b5bf9ef038b601
  RxDataSources: efee07fa4de48477eca0a4611e6d11e2da9c1114
  RxOptional: b1fcd60856807a564c0215c2184b8d33e7826dc2
  RxRelay: d77f7d771495f43c556cbc43eebd1bb54d01e8e9
  RxSwift: 81470a2074fa8780320ea5fe4102807cb7118178
  RxViewController: 7330a46e5c31cd680db169da4c9fc8676e975a81
  SwiftLint: 22ccbbe3b8008684be5955693bab135e0ed6a447

PODFILE CHECKSUM: 5447ad0ba4f6bd88f8f7ece36e1a587b9d74a2d5

COCOAPODS: 1.5.3
